
Microsoft Visual Studio Solution File, Format Version 12.00
# Visual Studio Version 17
VisualStudioVersion = 17.11.35219.272
MinimumVisualStudioVersion = 10.0.40219.1
Project("{FAE04EC0-301F-11D3-BF4B-00C04F79EFBC}") = "Composite Pattern", "Composite Pattern\Composite Pattern.csproj", "{13A5955F-A36D-4033-9A1E-9D7DEF2D0E8C}"
EndProject
Global
	GlobalSection(SolutionConfigurationPlatforms) = preSolution
		Debug|Any CPU = Debug|Any CPU
		Release|Any CPU = Release|Any CPU
	EndGlobalSection
	GlobalSection(ProjectConfigurationPlatforms) = postSolution
		{13A5955F-A36D-4033-9A1E-9D7DEF2D0E8C}.Debug|Any CPU.ActiveCfg = Debug|Any CPU
		{13A5955F-A36D-4033-9A1E-9D7DEF2D0E8C}.Debug|Any CPU.Build.0 = Debug|Any CPU
		{13A5955F-A36D-4033-9A1E-9D7DEF2D0E8C}.Release|Any CPU.ActiveCfg = Release|Any CPU
		{13A5955F-A36D-4033-9A1E-9D7DEF2D0E8C}.Release|Any CPU.Build.0 = Release|Any CPU
	EndGlobalSection
	GlobalSection(SolutionProperties) = preSolution
		HideSolutionNode = FALSE
	EndGlobalSection
	GlobalSection(ExtensibilityGlobals) = postSolution
		SolutionGuid = {BBA92FEA-2785-4940-AE74-35167F27FCD5}
	EndGlobalSection
EndGlobal
